// !$*UTF8*$!
{
	archiveVersion = 1;
	classes = {
	};
	objectVersion = 50;
	objects = {

/* Begin PBXBuildFile section */
		BE1B7B34266843AD00169C4D /* AppDelegate.swift in Sources */ = {isa = PBXBuildFile; fileRef = BE1B7B33266843AD00169C4D /* AppDelegate.swift */; };
		BE1B7B382668443400169C4D /* OcrTextView.swift in Sources */ = {isa = PBXBuildFile; fileRef = BE1B7B372668443400169C4D /* OcrTextView.swift */; };
		BE1B7B3A2668446B00169C4D /* ScanButton.swift in Sources */ = {isa = PBXBuildFile; fileRef = BE1B7B392668446B00169C4D /* ScanButton.swift */; };
		BE1B7B3C266844AF00169C4D /* ScanImageView.swift in Sources */ = {isa = PBXBuildFile; fileRef = BE1B7B3B266844AF00169C4D /* ScanImageView.swift */; };
		BE69851A2668E38D005F05FC /* SceneDelegate.swift in Sources */ = {isa = PBXBuildFile; fileRef = BE6985192668E38D005F05FC /* SceneDelegate.swift */; };
		BE69851C2668E3B4005F05FC /* ViewController.swift in Sources */ = {isa = PBXBuildFile; fileRef = BE69851B2668E3B4005F05FC /* ViewController.swift */; };
		BE69852426690651005F05FC /* CalendarButton.swift in Sources */ = {isa = PBXBuildFile; fileRef = BE69852326690651005F05FC /* CalendarButton.swift */; };
/* End PBXBuildFile section */

/* Begin PBXFileReference section */
		BE1B7B31266843AD00169C4D /* uptoDate-Bridging-Header.h */ = {isa = PBXFileReference; lastKnownFileType = sourcecode.c.h; path = "uptoDate-Bridging-Header.h"; sourceTree = "<group>"; };
		BE1B7B33266843AD00169C4D /* AppDelegate.swift */ = {isa = PBXFileReference; lastKnownFileType = sourcecode.swift; path = AppDelegate.swift; sourceTree = "<group>"; };
		BE1B7B372668443400169C4D /* OcrTextView.swift */ = {isa = PBXFileReference; lastKnownFileType = sourcecode.swift; path = OcrTextView.swift; sourceTree = "<group>"; };
		BE1B7B392668446B00169C4D /* ScanButton.swift */ = {isa = PBXFileReference; lastKnownFileType = sourcecode.swift; path = ScanButton.swift; sourceTree = "<group>"; };
		BE1B7B3B266844AF00169C4D /* ScanImageView.swift */ = {isa = PBXFileReference; lastKnownFileType = sourcecode.swift; path = ScanImageView.swift; sourceTree = "<group>"; };
		BE40A3B026EAC2EA00D19892 /* Uptodate.app */ = {isa = PBXFileReference; explicitFileType = wrapper.application; includeInIndex = 0; path = Uptodate.app; sourceTree = BUILT_PRODUCTS_DIR; };
		BE40A3B126EAC9D900D19892 /* Storyboard.storyboard */ = {isa = PBXFileReference; lastKnownFileType = file.storyboard; path = Storyboard.storyboard; sourceTree = "<group>"; };
		BE6985192668E38D005F05FC /* SceneDelegate.swift */ = {isa = PBXFileReference; lastKnownFileType = sourcecode.swift; path = SceneDelegate.swift; sourceTree = "<group>"; };
		BE69851B2668E3B4005F05FC /* ViewController.swift */ = {isa = PBXFileReference; lastKnownFileType = sourcecode.swift; path = ViewController.swift; sourceTree = "<group>"; };
		BE69851F2668E909005F05FC /* Info.plist */ = {isa = PBXFileReference; lastKnownFileType = text.plist.xml; path = Info.plist; sourceTree = "<group>"; };
		BE69852326690651005F05FC /* CalendarButton.swift */ = {isa = PBXFileReference; lastKnownFileType = sourcecode.swift; path = CalendarButton.swift; sourceTree = "<group>"; };
		BE7F8BF626E56B9600DDF8A4 /* Uptodate.app */ = {isa = PBXFileReference; lastKnownFileType = wrapper.application; path = Uptodate.app; sourceTree = "<group>"; };
/* End PBXFileReference section */

/* Begin PBXFrameworksBuildPhase section */
		BE1B7AFE266842E100169C4D /* Frameworks */ = {
			isa = PBXFrameworksBuildPhase;
			buildActionMask = 2147483647;
			files = (
			);
			runOnlyForDeploymentPostprocessing = 0;
		};
/* End PBXFrameworksBuildPhase section */

/* Begin PBXGroup section */
		BE1B7AF8266842E100169C4D = {
			isa = PBXGroup;
			children = (
				BEBB3FB026E4E46000ED94D6 /* Uptodate */,
				BE40A3B026EAC2EA00D19892 /* Uptodate.app */,
			);
			sourceTree = "<group>";
		};
		BEBB3FB026E4E46000ED94D6 /* Uptodate */ = {
			isa = PBXGroup;
			children = (
				BE40A3B126EAC9D900D19892 /* Storyboard.storyboard */,
				BE69851F2668E909005F05FC /* Info.plist */,
				BE1B7B31266843AD00169C4D /* uptoDate-Bridging-Header.h */,
				BE1B7B33266843AD00169C4D /* AppDelegate.swift */,
				BE69852326690651005F05FC /* CalendarButton.swift */,
				BE1B7B372668443400169C4D /* OcrTextView.swift */,
				BE1B7B392668446B00169C4D /* ScanButton.swift */,
				BE1B7B3B266844AF00169C4D /* ScanImageView.swift */,
				BE6985192668E38D005F05FC /* SceneDelegate.swift */,
				BE69851B2668E3B4005F05FC /* ViewController.swift */,
				BE7F8BF626E56B9600DDF8A4 /* Uptodate.app */,
			);
			path = Uptodate;
			sourceTree = "<group>";
		};
/* End PBXGroup section */

/* Begin PBXNativeTarget section */
		BE1B7B00266842E100169C4D /* Uptodate */ = {
			isa = PBXNativeTarget;
			buildConfigurationList = BE1B7B26266842E400169C4D /* Build configuration list for PBXNativeTarget "Uptodate" */;
			buildPhases = (
				BE1B7AFD266842E100169C4D /* Sources */,
				BE1B7AFE266842E100169C4D /* Frameworks */,
				BE1B7AFF266842E100169C4D /* Resources */,
			);
			buildRules = (
			);
			dependencies = (
			);
			name = Uptodate;
			productName = uptoDate;
			productReference = BE40A3B026EAC2EA00D19892 /* Uptodate.app */;
			productType = "com.apple.product-type.application";
		};
/* End PBXNativeTarget section */

/* Begin PBXProject section */
		BE1B7AF9266842E100169C4D /* Project object */ = {
			isa = PBXProject;
			attributes = {
				LastSwiftUpdateCheck = 1250;
				LastUpgradeCheck = 1250;
				TargetAttributes = {
					BE1B7B00266842E100169C4D = {
						CreatedOnToolsVersion = 12.5;
						LastSwiftMigration = 1250;
					};
				};
			};
			buildConfigurationList = BE1B7AFC266842E100169C4D /* Build configuration list for PBXProject "Uptodate" */;
			compatibilityVersion = "Xcode 9.3";
			developmentRegion = en;
			hasScannedForEncodings = 0;
			knownRegions = (
				en,
				Base,
			);
			mainGroup = BE1B7AF8266842E100169C4D;
			productRefGroup = BE1B7AF8266842E100169C4D;
			projectDirPath = "";
			projectRoot = "";
			targets = (
				BE1B7B00266842E100169C4D /* Uptodate */,
			);
		};
/* End PBXProject section */

/* Begin PBXResourcesBuildPhase section */
		BE1B7AFF266842E100169C4D /* Resources */ = {
			isa = PBXResourcesBuildPhase;
			buildActionMask = 2147483647;
			files = (
			);
			runOnlyForDeploymentPostprocessing = 0;
		};
/* End PBXResourcesBuildPhase section */

/* Begin PBXSourcesBuildPhase section */
		BE1B7AFD266842E100169C4D /* Sources */ = {
			isa = PBXSourcesBuildPhase;
			buildActionMask = 2147483647;
			files = (
				BE69851C2668E3B4005F05FC /* ViewController.swift in Sources */,
				BE69851A2668E38D005F05FC /* SceneDelegate.swift in Sources */,
				BE1B7B382668443400169C4D /* OcrTextView.swift in Sources */,
				BE69852426690651005F05FC /* CalendarButton.swift in Sources */,
				BE1B7B3C266844AF00169C4D /* ScanImageView.swift in Sources */,
				BE1B7B3A2668446B00169C4D /* ScanButton.swift in Sources */,
				BE1B7B34266843AD00169C4D /* AppDelegate.swift in Sources */,
			);
			runOnlyForDeploymentPostprocessing = 0;
		};
/* End PBXSourcesBuildPhase section */

/* Begin XCBuildConfiguration section */
		BE1B7B24266842E400169C4D /* Debug */ = {
			isa = XCBuildConfiguration;
			buildSettings = {
				ALWAYS_SEARCH_USER_PATHS = NO;
				CLANG_ANALYZER_NONNULL = YES;
				CLANG_ANALYZER_NUMBER_OBJECT_CONVERSION = YES_AGGRESSIVE;
				CLANG_CXX_LANGUAGE_STANDARD = "gnu++14";
				CLANG_CXX_LIBRARY = "libc++";
				CLANG_ENABLE_MODULES = YES;
				CLANG_ENABLE_OBJC_ARC = YES;
				CLANG_ENABLE_OBJC_WEAK = YES;
				CLANG_WARN_BLOCK_CAPTURE_AUTORELEASING = YES;
				CLANG_WARN_BOOL_CONVERSION = YES;
				CLANG_WARN_COMMA = YES;
				CLANG_WARN_CONSTANT_CONVERSION = YES;
				CLANG_WARN_DEPRECATED_OBJC_IMPLEMENTATIONS = YES;
				CLANG_WARN_DIRECT_OBJC_ISA_USAGE = YES_ERROR;
				CLANG_WARN_DOCUMENTATION_COMMENTS = YES;
				CLANG_WARN_EMPTY_BODY = YES;
				CLANG_WARN_ENUM_CONVERSION = YES;
				CLANG_WARN_INFINITE_RECURSION = YES;
				CLANG_WARN_INT_CONVERSION = YES;
				CLANG_WARN_NON_LITERAL_NULL_CONVERSION = YES;
				CLANG_WARN_OBJC_IMPLICIT_RETAIN_SELF = YES;
				CLANG_WARN_OBJC_LITERAL_CONVERSION = YES;
				CLANG_WARN_OBJC_ROOT_CLASS = YES_ERROR;
				CLANG_WARN_QUOTED_INCLUDE_IN_FRAMEWORK_HEADER = YES;
				CLANG_WARN_RANGE_LOOP_ANALYSIS = YES;
				CLANG_WARN_STRICT_PROTOTYPES = YES;
				CLANG_WARN_SUSPICIOUS_MOVE = YES;
				CLANG_WARN_UNGUARDED_AVAILABILITY = YES_AGGRESSIVE;
				CLANG_WARN_UNREACHABLE_CODE = YES;
				CLANG_WARN__DUPLICATE_METHOD_MATCH = YES;
				COPY_PHASE_STRIP = NO;
				DEBUG_INFORMATION_FORMAT = dwarf;
				ENABLE_STRICT_OBJC_MSGSEND = YES;
				ENABLE_TESTABILITY = YES;
				GCC_C_LANGUAGE_STANDARD = gnu11;
				GCC_DYNAMIC_NO_PIC = NO;
				GCC_NO_COMMON_BLOCKS = YES;
				GCC_OPTIMIZATION_LEVEL = 0;
				GCC_PREPROCESSOR_DEFINITIONS = (
					"DEBUG=1",
					"$(inherited)",
				);
				GCC_WARN_64_TO_32_BIT_CONVERSION = YES;
				GCC_WARN_ABOUT_RETURN_TYPE = YES_ERROR;
				GCC_WARN_UNDECLARED_SELECTOR = YES;
				GCC_WARN_UNINITIALIZED_AUTOS = YES_AGGRESSIVE;
				GCC_WARN_UNUSED_FUNCTION = YES;
				GCC_WARN_UNUSED_VARIABLE = YES;
				IPHONEOS_DEPLOYMENT_TARGET = 14.5;
				MTL_ENABLE_DEBUG_INFO = INCLUDE_SOURCE;
				MTL_FAST_MATH = YES;
				ONLY_ACTIVE_ARCH = YES;
				SDKROOT = iphoneos;
				SWIFT_ACTIVE_COMPILATION_CONDITIONS = DEBUG;
				SWIFT_OPTIMIZATION_LEVEL = "-Onone";
			};
			name = Debug;
		};
		BE1B7B25266842E400169C4D /* Release */ = {
			isa = XCBuildConfiguration;
			buildSettings = {
				ALWAYS_SEARCH_USER_PATHS = NO;
				CLANG_ANALYZER_NONNULL = YES;
				CLANG_ANALYZER_NUMBER_OBJECT_CONVERSION = YES_AGGRESSIVE;
				CLANG_CXX_LANGUAGE_STANDARD = "gnu++14";
				CLANG_CXX_LIBRARY = "libc++";
				CLANG_ENABLE_MODULES = YES;
				CLANG_ENABLE_OBJC_ARC = YES;
				CLANG_ENABLE_OBJC_WEAK = YES;
				CLANG_WARN_BLOCK_CAPTURE_AUTORELEASING = YES;
				CLANG_WARN_BOOL_CONVERSION = YES;
				CLANG_WARN_COMMA = YES;
				CLANG_WARN_CONSTANT_CONVERSION = YES;
				CLANG_WARN_DEPRECATED_OBJC_IMPLEMENTATIONS = YES;
				CLANG_WARN_DIRECT_OBJC_ISA_USAGE = YES_ERROR;
				CLANG_WARN_DOCUMENTATION_COMMENTS = YES;
				CLANG_WARN_EMPTY_BODY = YES;
				CLANG_WARN_ENUM_CONVERSION = YES;
				CLANG_WARN_INFINITE_RECURSION = YES;
				CLANG_WARN_INT_CONVERSION = YES;
				CLANG_WARN_NON_LITERAL_NULL_CONVERSION = YES;
				CLANG_WARN_OBJC_IMPLICIT_RETAIN_SELF = YES;
				CLANG_WARN_OBJC_LITERAL_CONVERSION = YES;
				CLANG_WARN_OBJC_ROOT_CLASS = YES_ERROR;
				CLANG_WARN_QUOTED_INCLUDE_IN_FRAMEWORK_HEADER = YES;
				CLANG_WARN_RANGE_LOOP_ANALYSIS = YES;
				CLANG_WARN_STRICT_PROTOTYPES = YES;
				CLANG_WARN_SUSPICIOUS_MOVE = YES;
				CLANG_WARN_UNGUARDED_AVAILABILITY = YES_AGGRESSIVE;
				CLANG_WARN_UNREACHABLE_CODE = YES;
				CLANG_WARN__DUPLICATE_METHOD_MATCH = YES;
				COPY_PHASE_STRIP = NO;
				DEBUG_INFORMATION_FORMAT = "dwarf-with-dsym";
				ENABLE_NS_ASSERTIONS = NO;
				ENABLE_STRICT_OBJC_MSGSEND = YES;
				GCC_C_LANGUAGE_STANDARD = gnu11;
				GCC_NO_COMMON_BLOCKS = YES;
				GCC_WARN_64_TO_32_BIT_CONVERSION = YES;
				GCC_WARN_ABOUT_RETURN_TYPE = YES_ERROR;
				GCC_WARN_UNDECLARED_SELECTOR = YES;
				GCC_WARN_UNINITIALIZED_AUTOS = YES_AGGRESSIVE;
				GCC_WARN_UNUSED_FUNCTION = YES;
				GCC_WARN_UNUSED_VARIABLE = YES;
				IPHONEOS_DEPLOYMENT_TARGET = 14.5;
				MTL_ENABLE_DEBUG_INFO = NO;
				MTL_FAST_MATH = YES;
				SDKROOT = iphoneos;
				SWIFT_COMPILATION_MODE = wholemodule;
				SWIFT_OPTIMIZATION_LEVEL = "-O";
				VALIDATE_PRODUCT = YES;
			};
			name = Release;
		};
		BE1B7B27266842E400169C4D /* Debug */ = {
			isa = XCBuildConfiguration;
			buildSettings = {
				ASSETCATALOG_COMPILER_GLOBAL_ACCENT_COLOR_NAME = AccentColor;
				CLANG_ENABLE_MODULES = YES;
				CODE_SIGN_STYLE = Automatic;
				DEVELOPMENT_ASSET_PATHS = /Users/r34p3r/Uptodate/Uptodate.xcodeproj;
				DEVELOPMENT_TEAM = FBCVNX3KGF;
				ENABLE_PREVIEWS = YES;
				INFOPLIST_FILE = uptoDate/Info.plist;
				IPHONEOS_DEPLOYMENT_TARGET = 14.0;
				LD_RUNPATH_SEARCH_PATHS = (
					"$(inherited)",
					"@executable_path/Frameworks",
				);
				PRODUCT_BUNDLE_IDENTIFIER = com.ADR..Uptodate;
				PRODUCT_NAME = "$(TARGET_NAME)";
				SWIFT_OBJC_BRIDGING_HEADER = "uptoDate/uptoDate-Bridging-Header.h";
				SWIFT_OPTIMIZATION_LEVEL = "-Onone";
				SWIFT_VERSION = 5.0;
				TARGETED_DEVICE_FAMILY = "1,2";
			};
			name = Debug;
		};
		BE1B7B28266842E400169C4D /* Release */ = {
			isa = XCBuildConfiguration;
			buildSettings = {
				ASSETCATALOG_COMPILER_GLOBAL_ACCENT_COLOR_NAME = AccentColor;
				CLANG_ENABLE_MODULES = YES;
				CODE_SIGN_STYLE = Automatic;
				DEVELOPMENT_ASSET_PATHS = /Users/r34p3r/Uptodate/Uptodate.xcodeproj;
				DEVELOPMENT_TEAM = FBCVNX3KGF;
				ENABLE_PREVIEWS = YES;
				INFOPLIST_FILE = uptoDate/Info.plist;
				IPHONEOS_DEPLOYMENT_TARGET = 14.0;
				LD_RUNPATH_SEARCH_PATHS = (
					"$(inherited)",
					"@executable_path/Frameworks",
				);
				PRODUCT_BUNDLE_IDENTIFIER = com.ADR..Uptodate;
				PRODUCT_NAME = "$(TARGET_NAME)";
				SWIFT_OBJC_BRIDGING_HEADER = "uptoDate/uptoDate-Bridging-Header.h";
				SWIFT_VERSION = 5.0;
				TARGETED_DEVICE_FAMILY = "1,2";
			};
			name = Release;
		};
/* End XCBuildConfiguration section */

/* Begin XCConfigurationList section */
		BE1B7AFC266842E100169C4D /* Build configuration list for PBXProject "Uptodate" */ = {
			isa = XCConfigurationList;
			buildConfigurations = (
				BE1B7B24266842E400169C4D /* Debug */,
				BE1B7B25266842E400169C4D /* Release */,
			);
			defaultConfigurationIsVisible = 0;
			defaultConfigurationName = Release;
		};
		BE1B7B26266842E400169C4D /* Build configuration list for PBXNativeTarget "Uptodate" */ = {
			isa = XCConfigurationList;
			buildConfigurations = (
				BE1B7B27266842E400169C4D /* Debug */,
				BE1B7B28266842E400169C4D /* Release */,
			);
			defaultConfigurationIsVisible = 0;
			defaultConfigurationName = Release;
		};
/* End XCConfigurationList section */
	};
	rootObject = BE1B7AF9266842E100169C4D /* Project object */;
}
